github.com/gopherd/core v0.0.0-20241006095001-4b8dbed5cd33 h1:cN4EH6xKAxuyDJfMfZ334nCr4SUDUM2yw8Mmssphs8I=
github.com/gopherd/core v0.0.0-20241006095001-4b8dbed5cd33/go.mod h1:KfAPtxaKLEFiby8PpGwdgp86auCmLU82+khBzHhUTaM=
github.com/gopherd/template v0.0.0-20240911153226-e85cdd3ec1f6 h1:8PslHwk6l1fta0+XLf+DuNCguvwzFn05eqRj8mbDmPE=
github.com/gopherd/template v0.0.0-20240911153226-e85cdd3ec1f6/go.mod h1:ox4KHnNLOnF2DQlsPDnGM+26wEdklBaeZyndkofvEjA=
github.com/gorilla/websocket v1.4.1 h1:q7AeDBpnBk8AogcD4DSag/Ukw/KV+YhzLj2bP5HvKCM=
github.com/gorilla/websocket v1.4.1/go.mod h1:YR8l580nyteQvAITg2hZ9XVh4b55+EU/adAjf1fMHhE=
github.com/mattn/go-shellwords v1.0.12 h1:M2zGm7EW6UQJvDeQxo4T51eKPurbeFbe8WtebGE2xrk=
github.com/mattn/go-shellwords v1.0.12/go.mod h1:EZzvwXDESEeg03EKmM+RmDnNOPKG4lLtQsUlTZDWQ8Y=
github.com/sourcegraph/jsonrpc2 v0.2.0 h1:KjN/dC4fP6aN9030MZCJs9WQbTOjWHhrtKVpzzSrr/U=
github.com/sourcegraph/jsonrpc2 v0.2.0/go.mod h1:ZafdZgk/axhT1cvZAPOhw+95nz2I/Ra5qMlU4gTRwIo=
gopkg.in/check.v1 v0.0.0-20161208181325-20d25e280405 h1:yhCVgyC4o1eVCa2tZl7eS0r+SDo693bJlVdllGtEeKM=
gopkg.in/check.v1 v0.0.0-20161208181325-20d25e280405/go.mod h1:Co6ibVJAznAaIkqp8huTwlJQCZ016jof/cbN4VW5Yz0=
gopkg.in/yaml.v3 v3.0.1 h1:fxVm/GzAzEWqLHuvctI91KS9hhNmmWOoWu0XTYJS7CA=
gopkg.in/yaml.v3 v3.0.1/go.mod h1:K4uyk7z7BCEPqu6E+C64Yfv1cQ7kz7rIZviUmN+EgEM=
